Microsoft Visual Studio Solution File, Format Version 12.00
# Visual Studio Version 17
VisualStudioVersion = 17.5.33516.290
MinimumVisualStudioVersion = 10.0.40219.1
Project("{FAE04EC0-301F-11D3-BF4B-00C04F79EFBC}") = "DHLabel", "Program\DHLabel.csproj", "{F79E3061-F8FE-46DD-BE4C-69F85A675116}"
EndProject
Project("{840C416C-B8F3-42BC-B0DD-F6BB14C9F8CB}") = "Installer", "Installer\Installer.aiproj", "{4277E20D-65DE-41E1-B65C-19BEEB05384E}"
EndProject
Global
	GlobalSection(SolutionConfigurationPlatforms) = preSolution
		Debug|Any CPU = Debug|Any CPU
		Debug|ARM = Debug|ARM
		Debug|ARM64 = Debug|ARM64
		Debug|x64 = Debug|x64
		Debug|x86 = Debug|x86
		DefaultBuild|Any CPU = DefaultBuild|Any CPU
		DefaultBuild|ARM = DefaultBuild|ARM
		DefaultBuild|ARM64 = DefaultBuild|ARM64
		DefaultBuild|x64 = DefaultBuild|x64
		DefaultBuild|x86 = DefaultBuild|x86
		Release|Any CPU = Release|Any CPU
		Release|ARM = Release|ARM
		Release|ARM64 = Release|ARM64
		Release|x64 = Release|x64
		Release|x86 = Release|x86
	EndGlobalSection
	GlobalSection(ProjectConfigurationPlatforms) = postSolution
		{F79E3061-F8FE-46DD-BE4C-69F85A675116}.Debug|Any CPU.ActiveCfg = Debug|Any CPU
		{F79E3061-F8FE-46DD-BE4C-69F85A675116}.Debug|Any CPU.Build.0 = Debug|Any CPU
		{F79E3061-F8FE-46DD-BE4C-69F85A675116}.Debug|ARM.ActiveCfg = Debug|Any CPU
		{F79E3061-F8FE-46DD-BE4C-69F85A675116}.Debug|ARM.Build.0 = Debug|Any CPU
		{F79E3061-F8FE-46DD-BE4C-69F85A675116}.Debug|ARM64.ActiveCfg = Debug|Any CPU
		{F79E3061-F8FE-46DD-BE4C-69F85A675116}.Debug|ARM64.Build.0 = Debug|Any CPU
		{F79E3061-F8FE-46DD-BE4C-69F85A675116}.Debug|x64.ActiveCfg = Debug|Any CPU
		{F79E3061-F8FE-46DD-BE4C-69F85A675116}.Debug|x64.Build.0 = Debug|Any CPU
		{F79E3061-F8FE-46DD-BE4C-69F85A675116}.Debug|x86.ActiveCfg = Debug|Any CPU
		{F79E3061-F8FE-46DD-BE4C-69F85A675116}.Debug|x86.Build.0 = Debug|Any CPU
		{F79E3061-F8FE-46DD-BE4C-69F85A675116}.DefaultBuild|Any CPU.ActiveCfg = Debug|Any CPU
		{F79E3061-F8FE-46DD-BE4C-69F85A675116}.DefaultBuild|Any CPU.Build.0 = Debug|Any CPU
		{F79E3061-F8FE-46DD-BE4C-69F85A675116}.DefaultBuild|ARM.ActiveCfg = Debug|Any CPU
		{F79E3061-F8FE-46DD-BE4C-69F85A675116}.DefaultBuild|ARM.Build.0 = Debug|Any CPU
		{F79E3061-F8FE-46DD-BE4C-69F85A675116}.DefaultBuild|ARM64.ActiveCfg = Debug|Any CPU
		{F79E3061-F8FE-46DD-BE4C-69F85A675116}.DefaultBuild|ARM64.Build.0 = Debug|Any CPU
		{F79E3061-F8FE-46DD-BE4C-69F85A675116}.DefaultBuild|x64.ActiveCfg = Debug|Any CPU
		{F79E3061-F8FE-46DD-BE4C-69F85A675116}.DefaultBuild|x64.Build.0 = Debug|Any CPU
		{F79E3061-F8FE-46DD-BE4C-69F85A675116}.DefaultBuild|x86.ActiveCfg = Debug|Win32
		{F79E3061-F8FE-46DD-BE4C-69F85A675116}.DefaultBuild|x86.Build.0 = Debug|Win32
		{F79E3061-F8FE-46DD-BE4C-69F85A675116}.Release|Any CPU.ActiveCfg = Release|Any CPU
		{F79E3061-F8FE-46DD-BE4C-69F85A675116}.Release|Any CPU.Build.0 = Release|Any CPU
		{F79E3061-F8FE-46DD-BE4C-69F85A675116}.Release|ARM.ActiveCfg = Release|Any CPU
		{F79E3061-F8FE-46DD-BE4C-69F85A675116}.Release|ARM.Build.0 = Release|Any CPU
		{F79E3061-F8FE-46DD-BE4C-69F85A675116}.Release|ARM64.ActiveCfg = Release|Any CPU
		{F79E3061-F8FE-46DD-BE4C-69F85A675116}.Release|ARM64.Build.0 = Release|Any CPU
		{F79E3061-F8FE-46DD-BE4C-69F85A675116}.Release|x64.ActiveCfg = Release|Any CPU
		{F79E3061-F8FE-46DD-BE4C-69F85A675116}.Release|x64.Build.0 = Release|Any CPU
		{F79E3061-F8FE-46DD-BE4C-69F85A675116}.Release|x86.ActiveCfg = Release|Any CPU
		{F79E3061-F8FE-46DD-BE4C-69F85A675116}.Release|x86.Build.0 = Release|Any CPU
		{4277E20D-65DE-41E1-B65C-19BEEB05384E}.Debug|Any CPU.ActiveCfg = DefaultBuild
		{4277E20D-65DE-41E1-B65C-19BEEB05384E}.Debug|Any CPU.Build.0 = DefaultBuild
		{4277E20D-65DE-41E1-B65C-19BEEB05384E}.Debug|ARM.ActiveCfg = DefaultBuild
		{4277E20D-65DE-41E1-B65C-19BEEB05384E}.Debug|ARM.Build.0 = DefaultBuild
		{4277E20D-65DE-41E1-B65C-19BEEB05384E}.Debug|ARM64.ActiveCfg = DefaultBuild
		{4277E20D-65DE-41E1-B65C-19BEEB05384E}.Debug|ARM64.Build.0 = DefaultBuild
		{4277E20D-65DE-41E1-B65C-19BEEB05384E}.Debug|x64.ActiveCfg = DefaultBuild
		{4277E20D-65DE-41E1-B65C-19BEEB05384E}.Debug|x64.Build.0 = DefaultBuild
		{4277E20D-65DE-41E1-B65C-19BEEB05384E}.Debug|x86.ActiveCfg = DefaultBuild
		{4277E20D-65DE-41E1-B65C-19BEEB05384E}.Debug|x86.Build.0 = DefaultBuild
		{4277E20D-65DE-41E1-B65C-19BEEB05384E}.DefaultBuild|Any CPU.ActiveCfg = DefaultBuild
		{4277E20D-65DE-41E1-B65C-19BEEB05384E}.DefaultBuild|Any CPU.Build.0 = DefaultBuild
		{4277E20D-65DE-41E1-B65C-19BEEB05384E}.DefaultBuild|ARM.ActiveCfg = DefaultBuild
		{4277E20D-65DE-41E1-B65C-19BEEB05384E}.DefaultBuild|ARM.Build.0 = DefaultBuild
		{4277E20D-65DE-41E1-B65C-19BEEB05384E}.DefaultBuild|ARM64.ActiveCfg = DefaultBuild
		{4277E20D-65DE-41E1-B65C-19BEEB05384E}.DefaultBuild|ARM64.Build.0 = DefaultBuild
		{4277E20D-65DE-41E1-B65C-19BEEB05384E}.DefaultBuild|x64.ActiveCfg = DefaultBuild
		{4277E20D-65DE-41E1-B65C-19BEEB05384E}.DefaultBuild|x64.Build.0 = DefaultBuild
		{4277E20D-65DE-41E1-B65C-19BEEB05384E}.DefaultBuild|x86.ActiveCfg = DefaultBuild
		{4277E20D-65DE-41E1-B65C-19BEEB05384E}.DefaultBuild|x86.Build.0 = DefaultBuild
		{4277E20D-65DE-41E1-B65C-19BEEB05384E}.Release|Any CPU.ActiveCfg = DefaultBuild
		{4277E20D-65DE-41E1-B65C-19BEEB05384E}.Release|Any CPU.Build.0 = DefaultBuild
		{4277E20D-65DE-41E1-B65C-19BEEB05384E}.Release|ARM.ActiveCfg = DefaultBuild
		{4277E20D-65DE-41E1-B65C-19BEEB05384E}.Release|ARM.Build.0 = DefaultBuild
		{4277E20D-65DE-41E1-B65C-19BEEB05384E}.Release|ARM64.ActiveCfg = DefaultBuild
		{4277E20D-65DE-41E1-B65C-19BEEB05384E}.Release|ARM64.Build.0 = DefaultBuild
		{4277E20D-65DE-41E1-B65C-19BEEB05384E}.Release|x64.ActiveCfg = DefaultBuild
		{4277E20D-65DE-41E1-B65C-19BEEB05384E}.Release|x64.Build.0 = DefaultBuild
		{4277E20D-65DE-41E1-B65C-19BEEB05384E}.Release|x86.ActiveCfg = DefaultBuild
		{4277E20D-65DE-41E1-B65C-19BEEB05384E}.Release|x86.Build.0 = DefaultBuild
	EndGlobalSection
	GlobalSection(SolutionProperties) = preSolution
		HideSolutionNode = FALSE
	EndGlobalSection
	GlobalSection(ExtensibilityGlobals) = postSolution
		SolutionGuid = {1F40F112-5CE2-402A-88EA-7DE750AADFBD}
	EndGlobalSection
EndGlobal
