Microsoft Visual Studio Solution File, Format Version 12.00
# Visual Studio Version 17
VisualStudioVersion = 17.10.35004.147
MinimumVisualStudioVersion = 10.0.40219.1
Project("{FAE04EC0-301F-11D3-BF4B-00C04F79EFBC}") = "DHLabel", "Program\DHLabel.csproj", "{F79E3061-F8FE-46DD-BE4C-69F85A675116}"
EndProject
Project("{2150E333-8FDC-42A3-9474-1A3956D46DE8}") = "Projektmappenelemente", "Projektmappenelemente", "{2B593C4A-133C-4E82-A91E-5A860E2A357D}"
	ProjectSection(SolutionItems) = preProject
		SetupScript.iss = SetupScript.iss
		version.xml = version.xml
	EndProjectSection
EndProject
Global
	GlobalSection(SolutionConfigurationPlatforms) = preSolution
		Debug|Any CPU = Debug|Any CPU
		Debug|x64 = Debug|x64
		Release|Any CPU = Release|Any CPU
		Release|x64 = Release|x64
	EndGlobalSection
	GlobalSection(ProjectConfigurationPlatforms) = postSolution
		{F79E3061-F8FE-46DD-BE4C-69F85A675116}.Debug|Any CPU.ActiveCfg = Debug|Any CPU
		{F79E3061-F8FE-46DD-BE4C-69F85A675116}.Debug|Any CPU.Build.0 = Debug|Any CPU
		{F79E3061-F8FE-46DD-BE4C-69F85A675116}.Debug|x64.ActiveCfg = Debug|x64
		{F79E3061-F8FE-46DD-BE4C-69F85A675116}.Debug|x64.Build.0 = Debug|x64
		{F79E3061-F8FE-46DD-BE4C-69F85A675116}.Release|Any CPU.ActiveCfg = Release|Any CPU
		{F79E3061-F8FE-46DD-BE4C-69F85A675116}.Release|Any CPU.Build.0 = Release|Any CPU
		{F79E3061-F8FE-46DD-BE4C-69F85A675116}.Release|x64.ActiveCfg = Release|x64
		{F79E3061-F8FE-46DD-BE4C-69F85A675116}.Release|x64.Build.0 = Release|x64
	EndGlobalSection
	GlobalSection(SolutionProperties) = preSolution
		HideSolutionNode = FALSE
	EndGlobalSection
	GlobalSection(ExtensibilityGlobals) = postSolution
		SolutionGuid = {1F40F112-5CE2-402A-88EA-7DE750AADFBD}
	EndGlobalSection
EndGlobal
